
Microsoft Visual Studio Solution File, Format Version 12.00
# Visual Studio Version 18
VisualStudioVersion = 18.3.11310.294
MinimumVisualStudioVersion = 10.0.40219.1
Project("{2150E333-8FDC-42A3-9474-1A3956D46DE8}") = "src", "src", "{827E0CD3-B72D-47B6-A68D-7590B98EB39B}"
EndProject
Project("{FAE04EC0-301F-11D3-BF4B-00C04F79EFBC}") = "AuctionService", "src\AuctionService\AuctionService.csproj", "{DA265BDC-15A7-4BC4-BFC2-9A313F549C95}"
EndProject
Project("{FAE04EC0-301F-11D3-BF4B-00C04F79EFBC}") = "SearchService", "src\SearchService\SearchService.csproj", "{DF106D2E-F7C4-A89B-127C-2B8E01C52FA6}"
EndProject
Project("{FAE04EC0-301F-11D3-BF4B-00C04F79EFBC}") = "Contracts", "src\Contracts\Contracts.csproj", "{6FD911CF-4751-462E-98F9-A08DEC390C98}"
EndProject
Project("{FAE04EC0-301F-11D3-BF4B-00C04F79EFBC}") = "IdentityService", "src\IdentityService\IdentityService.csproj", "{0E3BFA35-50FE-4CB3-8C33-65B4530E16D7}"
EndProject
Project("{FAE04EC0-301F-11D3-BF4B-00C04F79EFBC}") = "GatewayService", "src\GatewayService\GatewayService.csproj", "{478F3763-1821-4C92-AC31-98FEBA902DA1}"
EndProject
Project("{FAE04EC0-301F-11D3-BF4B-00C04F79EFBC}") = "BiddingService", "src\BiddingService\BiddingService.csproj", "{7A6421C4-BDDF-4193-9A54-3D0AA7D64250}"
EndProject
Project("{FAE04EC0-301F-11D3-BF4B-00C04F79EFBC}") = "NotificationService", "src\NotificationService\NotificationService.csproj", "{1DE27501-65F4-4D39-9812-21A109A7F76A}"
EndProject
Project("{2150E333-8FDC-42A3-9474-1A3956D46DE8}") = "test", "test", "{0C88DD14-F956-CE84-757C-A364CCF449FC}"
EndProject
Project("{FAE04EC0-301F-11D3-BF4B-00C04F79EFBC}") = "AuctionService.UnitTests", "test\AuctionService.UnitTests\AuctionService.UnitTests.csproj", "{15104FB5-7BF0-44CC-9D74-AB78A9D4C6DE}"
EndProject
Project("{FAE04EC0-301F-11D3-BF4B-00C04F79EFBC}") = "AuctionService.IntegrationTests", "test\AuctionService.IntegrationTests\AuctionService.IntegrationTests.csproj", "{9208CC88-A98B-47F8-A12C-82DB3AB2B19A}"
EndProject
Global
	GlobalSection(SolutionConfigurationPlatforms) = preSolution
		Debug|Any CPU = Debug|Any CPU
		Debug|x64 = Debug|x64
		Debug|x86 = Debug|x86
		Release|Any CPU = Release|Any CPU
		Release|x64 = Release|x64
		Release|x86 = Release|x86
	EndGlobalSection
	GlobalSection(ProjectConfigurationPlatforms) = postSolution
		{DA265BDC-15A7-4BC4-BFC2-9A313F549C95}.Debug|Any CPU.ActiveCfg = Debug|Any CPU
		{DA265BDC-15A7-4BC4-BFC2-9A313F549C95}.Debug|Any CPU.Build.0 = Debug|Any CPU
		{DA265BDC-15A7-4BC4-BFC2-9A313F549C95}.Debug|x64.ActiveCfg = Debug|Any CPU
		{DA265BDC-15A7-4BC4-BFC2-9A313F549C95}.Debug|x64.Build.0 = Debug|Any CPU
		{DA265BDC-15A7-4BC4-BFC2-9A313F549C95}.Debug|x86.ActiveCfg = Debug|Any CPU
		{DA265BDC-15A7-4BC4-BFC2-9A313F549C95}.Debug|x86.Build.0 = Debug|Any CPU
		{DA265BDC-15A7-4BC4-BFC2-9A313F549C95}.Release|Any CPU.ActiveCfg = Release|Any CPU
		{DA265BDC-15A7-4BC4-BFC2-9A313F549C95}.Release|Any CPU.Build.0 = Release|Any CPU
		{DA265BDC-15A7-4BC4-BFC2-9A313F549C95}.Release|x64.ActiveCfg = Release|Any CPU
		{DA265BDC-15A7-4BC4-BFC2-9A313F549C95}.Release|x64.Build.0 = Release|Any CPU
		{DA265BDC-15A7-4BC4-BFC2-9A313F549C95}.Release|x86.ActiveCfg = Release|Any CPU
		{DA265BDC-15A7-4BC4-BFC2-9A313F549C95}.Release|x86.Build.0 = Release|Any CPU
		{DF106D2E-F7C4-A89B-127C-2B8E01C52FA6}.Debug|Any CPU.ActiveCfg = Debug|Any CPU
		{DF106D2E-F7C4-A89B-127C-2B8E01C52FA6}.Debug|Any CPU.Build.0 = Debug|Any CPU
		{DF106D2E-F7C4-A89B-127C-2B8E01C52FA6}.Debug|x64.ActiveCfg = Debug|Any CPU
		{DF106D2E-F7C4-A89B-127C-2B8E01C52FA6}.Debug|x64.Build.0 = Debug|Any CPU
		{DF106D2E-F7C4-A89B-127C-2B8E01C52FA6}.Debug|x86.ActiveCfg = Debug|Any CPU
		{DF106D2E-F7C4-A89B-127C-2B8E01C52FA6}.Debug|x86.Build.0 = Debug|Any CPU
		{DF106D2E-F7C4-A89B-127C-2B8E01C52FA6}.Release|Any CPU.ActiveCfg = Release|Any CPU
		{DF106D2E-F7C4-A89B-127C-2B8E01C52FA6}.Release|Any CPU.Build.0 = Release|Any CPU
		{DF106D2E-F7C4-A89B-127C-2B8E01C52FA6}.Release|x64.ActiveCfg = Release|Any CPU
		{DF106D2E-F7C4-A89B-127C-2B8E01C52FA6}.Release|x64.Build.0 = Release|Any CPU
		{DF106D2E-F7C4-A89B-127C-2B8E01C52FA6}.Release|x86.ActiveCfg = Release|Any CPU
		{DF106D2E-F7C4-A89B-127C-2B8E01C52FA6}.Release|x86.Build.0 = Release|Any CPU
		{6FD911CF-4751-462E-98F9-A08DEC390C98}.Debug|Any CPU.ActiveCfg = Debug|Any CPU
		{6FD911CF-4751-462E-98F9-A08DEC390C98}.Debug|Any CPU.Build.0 = Debug|Any CPU
		{6FD911CF-4751-462E-98F9-A08DEC390C98}.Debug|x64.ActiveCfg = Debug|Any CPU
		{6FD911CF-4751-462E-98F9-A08DEC390C98}.Debug|x64.Build.0 = Debug|Any CPU
		{6FD911CF-4751-462E-98F9-A08DEC390C98}.Debug|x86.ActiveCfg = Debug|Any CPU
		{6FD911CF-4751-462E-98F9-A08DEC390C98}.Debug|x86.Build.0 = Debug|Any CPU
		{6FD911CF-4751-462E-98F9-A08DEC390C98}.Release|Any CPU.ActiveCfg = Release|Any CPU
		{6FD911CF-4751-462E-98F9-A08DEC390C98}.Release|Any CPU.Build.0 = Release|Any CPU
		{6FD911CF-4751-462E-98F9-A08DEC390C98}.Release|x64.ActiveCfg = Release|Any CPU
		{6FD911CF-4751-462E-98F9-A08DEC390C98}.Release|x64.Build.0 = Release|Any CPU
		{6FD911CF-4751-462E-98F9-A08DEC390C98}.Release|x86.ActiveCfg = Release|Any CPU
		{6FD911CF-4751-462E-98F9-A08DEC390C98}.Release|x86.Build.0 = Release|Any CPU
		{0E3BFA35-50FE-4CB3-8C33-65B4530E16D7}.Debug|Any CPU.ActiveCfg = Debug|Any CPU
		{0E3BFA35-50FE-4CB3-8C33-65B4530E16D7}.Debug|Any CPU.Build.0 = Debug|Any CPU
		{0E3BFA35-50FE-4CB3-8C33-65B4530E16D7}.Debug|x64.ActiveCfg = Debug|Any CPU
		{0E3BFA35-50FE-4CB3-8C33-65B4530E16D7}.Debug|x64.Build.0 = Debug|Any CPU
		{0E3BFA35-50FE-4CB3-8C33-65B4530E16D7}.Debug|x86.ActiveCfg = Debug|Any CPU
		{0E3BFA35-50FE-4CB3-8C33-65B4530E16D7}.Debug|x86.Build.0 = Debug|Any CPU
		{0E3BFA35-50FE-4CB3-8C33-65B4530E16D7}.Release|Any CPU.ActiveCfg = Release|Any CPU
		{0E3BFA35-50FE-4CB3-8C33-65B4530E16D7}.Release|Any CPU.Build.0 = Release|Any CPU
		{0E3BFA35-50FE-4CB3-8C33-65B4530E16D7}.Release|x64.ActiveCfg = Release|Any CPU
		{0E3BFA35-50FE-4CB3-8C33-65B4530E16D7}.Release|x64.Build.0 = Release|Any CPU
		{0E3BFA35-50FE-4CB3-8C33-65B4530E16D7}.Release|x86.ActiveCfg = Release|Any CPU
		{0E3BFA35-50FE-4CB3-8C33-65B4530E16D7}.Release|x86.Build.0 = Release|Any CPU
		{478F3763-1821-4C92-AC31-98FEBA902DA1}.Debug|Any CPU.ActiveCfg = Debug|Any CPU
		{478F3763-1821-4C92-AC31-98FEBA902DA1}.Debug|Any CPU.Build.0 = Debug|Any CPU
		{478F3763-1821-4C92-AC31-98FEBA902DA1}.Debug|x64.ActiveCfg = Debug|Any CPU
		{478F3763-1821-4C92-AC31-98FEBA902DA1}.Debug|x64.Build.0 = Debug|Any CPU
		{478F3763-1821-4C92-AC31-98FEBA902DA1}.Debug|x86.ActiveCfg = Debug|Any CPU
		{478F3763-1821-4C92-AC31-98FEBA902DA1}.Debug|x86.Build.0 = Debug|Any CPU
		{478F3763-1821-4C92-AC31-98FEBA902DA1}.Release|Any CPU.ActiveCfg = Release|Any CPU
		{478F3763-1821-4C92-AC31-98FEBA902DA1}.Release|Any CPU.Build.0 = Release|Any CPU
		{478F3763-1821-4C92-AC31-98FEBA902DA1}.Release|x64.ActiveCfg = Release|Any CPU
		{478F3763-1821-4C92-AC31-98FEBA902DA1}.Release|x64.Build.0 = Release|Any CPU
		{478F3763-1821-4C92-AC31-98FEBA902DA1}.Release|x86.ActiveCfg = Release|Any CPU
		{478F3763-1821-4C92-AC31-98FEBA902DA1}.Release|x86.Build.0 = Release|Any CPU
		{7A6421C4-BDDF-4193-9A54-3D0AA7D64250}.Debug|Any CPU.ActiveCfg = Debug|Any CPU
		{7A6421C4-BDDF-4193-9A54-3D0AA7D64250}.Debug|Any CPU.Build.0 = Debug|Any CPU
		{7A6421C4-BDDF-4193-9A54-3D0AA7D64250}.Debug|x64.ActiveCfg = Debug|Any CPU
		{7A6421C4-BDDF-4193-9A54-3D0AA7D64250}.Debug|x64.Build.0 = Debug|Any CPU
		{7A6421C4-BDDF-4193-9A54-3D0AA7D64250}.Debug|x86.ActiveCfg = Debug|Any CPU
		{7A6421C4-BDDF-4193-9A54-3D0AA7D64250}.Debug|x86.Build.0 = Debug|Any CPU
		{7A6421C4-BDDF-4193-9A54-3D0AA7D64250}.Release|Any CPU.ActiveCfg = Release|Any CPU
		{7A6421C4-BDDF-4193-9A54-3D0AA7D64250}.Release|Any CPU.Build.0 = Release|Any CPU
		{7A6421C4-BDDF-4193-9A54-3D0AA7D64250}.Release|x64.ActiveCfg = Release|Any CPU
		{7A6421C4-BDDF-4193-9A54-3D0AA7D64250}.Release|x64.Build.0 = Release|Any CPU
		{7A6421C4-BDDF-4193-9A54-3D0AA7D64250}.Release|x86.ActiveCfg = Release|Any CPU
		{7A6421C4-BDDF-4193-9A54-3D0AA7D64250}.Release|x86.Build.0 = Release|Any CPU
		{1DE27501-65F4-4D39-9812-21A109A7F76A}.Debug|Any CPU.ActiveCfg = Debug|Any CPU
		{1DE27501-65F4-4D39-9812-21A109A7F76A}.Debug|Any CPU.Build.0 = Debug|Any CPU
		{1DE27501-65F4-4D39-9812-21A109A7F76A}.Debug|x64.ActiveCfg = Debug|Any CPU
		{1DE27501-65F4-4D39-9812-21A109A7F76A}.Debug|x64.Build.0 = Debug|Any CPU
		{1DE27501-65F4-4D39-9812-21A109A7F76A}.Debug|x86.ActiveCfg = Debug|Any CPU
		{1DE27501-65F4-4D39-9812-21A109A7F76A}.Debug|x86.Build.0 = Debug|Any CPU
		{1DE27501-65F4-4D39-9812-21A109A7F76A}.Release|Any CPU.ActiveCfg = Release|Any CPU
		{1DE27501-65F4-4D39-9812-21A109A7F76A}.Release|Any CPU.Build.0 = Release|Any CPU
		{1DE27501-65F4-4D39-9812-21A109A7F76A}.Release|x64.ActiveCfg = Release|Any CPU
		{1DE27501-65F4-4D39-9812-21A109A7F76A}.Release|x64.Build.0 = Release|Any CPU
		{1DE27501-65F4-4D39-9812-21A109A7F76A}.Release|x86.ActiveCfg = Release|Any CPU
		{1DE27501-65F4-4D39-9812-21A109A7F76A}.Release|x86.Build.0 = Release|Any CPU
		{15104FB5-7BF0-44CC-9D74-AB78A9D4C6DE}.Debug|Any CPU.ActiveCfg = Debug|Any CPU
		{15104FB5-7BF0-44CC-9D74-AB78A9D4C6DE}.Debug|Any CPU.Build.0 = Debug|Any CPU
		{15104FB5-7BF0-44CC-9D74-AB78A9D4C6DE}.Debug|x64.ActiveCfg = Debug|Any CPU
		{15104FB5-7BF0-44CC-9D74-AB78A9D4C6DE}.Debug|x64.Build.0 = Debug|Any CPU
		{15104FB5-7BF0-44CC-9D74-AB78A9D4C6DE}.Debug|x86.ActiveCfg = Debug|Any CPU
		{15104FB5-7BF0-44CC-9D74-AB78A9D4C6DE}.Debug|x86.Build.0 = Debug|Any CPU
		{15104FB5-7BF0-44CC-9D74-AB78A9D4C6DE}.Release|Any CPU.ActiveCfg = Release|Any CPU
		{15104FB5-7BF0-44CC-9D74-AB78A9D4C6DE}.Release|Any CPU.Build.0 = Release|Any CPU
		{15104FB5-7BF0-44CC-9D74-AB78A9D4C6DE}.Release|x64.ActiveCfg = Release|Any CPU
		{15104FB5-7BF0-44CC-9D74-AB78A9D4C6DE}.Release|x64.Build.0 = Release|Any CPU
		{15104FB5-7BF0-44CC-9D74-AB78A9D4C6DE}.Release|x86.ActiveCfg = Release|Any CPU
		{15104FB5-7BF0-44CC-9D74-AB78A9D4C6DE}.Release|x86.Build.0 = Release|Any CPU
		{9208CC88-A98B-47F8-A12C-82DB3AB2B19A}.Debug|Any CPU.ActiveCfg = Debug|Any CPU
		{9208CC88-A98B-47F8-A12C-82DB3AB2B19A}.Debug|Any CPU.Build.0 = Debug|Any CPU
		{9208CC88-A98B-47F8-A12C-82DB3AB2B19A}.Debug|x64.ActiveCfg = Debug|Any CPU
		{9208CC88-A98B-47F8-A12C-82DB3AB2B19A}.Debug|x64.Build.0 = Debug|Any CPU
		{9208CC88-A98B-47F8-A12C-82DB3AB2B19A}.Debug|x86.ActiveCfg = Debug|Any CPU
		{9208CC88-A98B-47F8-A12C-82DB3AB2B19A}.Debug|x86.Build.0 = Debug|Any CPU
		{9208CC88-A98B-47F8-A12C-82DB3AB2B19A}.Release|Any CPU.ActiveCfg = Release|Any CPU
		{9208CC88-A98B-47F8-A12C-82DB3AB2B19A}.Release|Any CPU.Build.0 = Release|Any CPU
		{9208CC88-A98B-47F8-A12C-82DB3AB2B19A}.Release|x64.ActiveCfg = Release|Any CPU
		{9208CC88-A98B-47F8-A12C-82DB3AB2B19A}.Release|x64.Build.0 = Release|Any CPU
		{9208CC88-A98B-47F8-A12C-82DB3AB2B19A}.Release|x86.ActiveCfg = Release|Any CPU
		{9208CC88-A98B-47F8-A12C-82DB3AB2B19A}.Release|x86.Build.0 = Release|Any CPU
	EndGlobalSection
	GlobalSection(SolutionProperties) = preSolution
		HideSolutionNode = FALSE
	EndGlobalSection
	GlobalSection(NestedProjects) = preSolution
		{DA265BDC-15A7-4BC4-BFC2-9A313F549C95} = {827E0CD3-B72D-47B6-A68D-7590B98EB39B}
		{DF106D2E-F7C4-A89B-127C-2B8E01C52FA6} = {827E0CD3-B72D-47B6-A68D-7590B98EB39B}
		{6FD911CF-4751-462E-98F9-A08DEC390C98} = {827E0CD3-B72D-47B6-A68D-7590B98EB39B}
		{0E3BFA35-50FE-4CB3-8C33-65B4530E16D7} = {827E0CD3-B72D-47B6-A68D-7590B98EB39B}
		{478F3763-1821-4C92-AC31-98FEBA902DA1} = {827E0CD3-B72D-47B6-A68D-7590B98EB39B}
		{7A6421C4-BDDF-4193-9A54-3D0AA7D64250} = {827E0CD3-B72D-47B6-A68D-7590B98EB39B}
		{1DE27501-65F4-4D39-9812-21A109A7F76A} = {827E0CD3-B72D-47B6-A68D-7590B98EB39B}
		{15104FB5-7BF0-44CC-9D74-AB78A9D4C6DE} = {0C88DD14-F956-CE84-757C-A364CCF449FC}
		{9208CC88-A98B-47F8-A12C-82DB3AB2B19A} = {0C88DD14-F956-CE84-757C-A364CCF449FC}
	EndGlobalSection
	GlobalSection(ExtensibilityGlobals) = postSolution
		SolutionGuid = {DAB29A85-F0C0-4F6F-8363-BA9E0D4A83E5}
	EndGlobalSection
EndGlobal
